{
  "nodes": {
    "nixpkgs": {
      "locked": {
        "lastModified": 1687103638,
        "narHash": "sha256-dwy/TK6Db5W7ivcgmcxUykhFwodIg0jrRzOFt7H5NUc=",
        "owner": "NixOS",
        "repo": "nixpkgs",
        "rev": "91430887645a0953568da2f3e9a3a3bb0a0378ac",
        "type": "github"
      },
      "original": {
        "owner": "NixOS",
        "ref": "nixpkgs-unstable",
        "repo": "nixpkgs",
        "type": "github"
      }
    },
    "nixpkgs_2": {
      "locked": {
        "lastModified": 1651369430,
        "narHash": "sha256-d86uUm0s11exU9zLo2K1AwtJQJDKubFpoF0Iw767uT4=",
        "owner": "NixOS",
        "repo": "nixpkgs",
        "rev": "b283b64580d1872333a99af2b4cef91bb84580cf",
        "type": "github"
      },
      "original": {
        "owner": "NixOS",
        "ref": "nixpkgs-unstable",
        "repo": "nixpkgs",
        "type": "github"
      }
    },
    "root": {
      "inputs": {
        "nixpkgs": "nixpkgs",
        "uptix": "uptix"
      }
    },
    "uptix": {
      "inputs": {
        "nixpkgs": "nixpkgs_2",
        "utils": "utils"
      },
      "locked": {
        "lastModified": 1674486682,
        "narHash": "sha256-y+wax91K4eK7Wh7bdUPDSxaGwjPaahglVAURXIqCQRc=",
        "owner": "luizribeiro",
        "repo": "uptix",
        "rev": "8a9a3df7b43f88350b5a78c72560e56f600356e2",
        "type": "github"
      },
      "original": {
        "owner": "luizribeiro",
        "repo": "uptix",
        "type": "github"
      }
    },
    "utils": {
      "locked": {
        "lastModified": 1649676176,
        "narHash": "sha256-OWKJratjt2RW151VUlJPRALb7OU2S5s+f0vLj4o1bHM=",
        "owner": "numtide",
        "repo": "flake-utils",
        "rev": "a4b154ebbdc88c8498a5c7b01589addc9e9cb678",
        "type": "github"
      },
      "original": {
        "owner": "numtide",
        "repo": "flake-utils",
        "type": "github"
      }
    }
  },
  "root": "root",
  "version": 7
}
