{
  "nodes": {
    "nixpkgs": {
      "locked": {
        "lastModified": 1744502386,
        "narHash": "sha256-QAd1L37eU7ktL2WeLLLTmI6P9moz9+a/ONO8qNBYJgM=",
        "owner": "NixOS",
        "repo": "nixpkgs",
        "rev": "f6db44a8daa59c40ae41ba6e5823ec77fe0d2124",
        "type": "github"
      },
      "original": {
        "owner": "NixOS",
        "ref": "nixpkgs-unstable",
        "repo": "nixpkgs",
        "type": "github"
      }
    },
    "nixpkgs_2": {
      "locked": {
        "lastModified": 1709386671,
        "narHash": "sha256-VPqfBnIJ+cfa78pd4Y5Cr6sOWVW8GYHRVucxJGmRf8Q=",
        "owner": "NixOS",
        "repo": "nixpkgs",
        "rev": "fa9a51752f1b5de583ad5213eb621be071806663",
        "type": "github"
      },
      "original": {
        "owner": "NixOS",
        "ref": "nixpkgs-unstable",
        "repo": "nixpkgs",
        "type": "github"
      }
    },
    "root": {
      "inputs": {
        "nixpkgs": "nixpkgs",
        "uptix": "uptix"
      }
    },
    "systems": {
      "locked": {
        "lastModified": 1681028828,
        "narHash": "sha256-Vy1rq5AaRuLzOxct8nz4T6wlgyUR7zLU309k9mBC768=",
        "owner": "nix-systems",
        "repo": "default",
        "rev": "da67096a3b9bf56a91d16901293e51ba5b49a27e",
        "type": "github"
      },
      "original": {
        "owner": "nix-systems",
        "repo": "default",
        "type": "github"
      }
    },
    "uptix": {
      "inputs": {
        "nixpkgs": "nixpkgs_2",
        "utils": "utils"
      },
      "locked": {
        "lastModified": 1744414489,
        "narHash": "sha256-idYGbTCbWDgAavM2pcOhQ+xTHp/zFHxUdyYZu14Hx6M=",
        "owner": "luizribeiro",
        "repo": "uptix",
        "rev": "3cc04b21915bb9d21dadeb9e4fd62b28eec05e99",
        "type": "github"
      },
      "original": {
        "owner": "luizribeiro",
        "repo": "uptix",
        "type": "github"
      }
    },
    "utils": {
      "inputs": {
        "systems": "systems"
      },
      "locked": {
        "lastModified": 1709126324,
        "narHash": "sha256-q6EQdSeUZOG26WelxqkmR7kArjgWCdw5sfJVHPH/7j8=",
        "owner": "numtide",
        "repo": "flake-utils",
        "rev": "d465f4819400de7c8d874d50b982301f28a84605",
        "type": "github"
      },
      "original": {
        "owner": "numtide",
        "repo": "flake-utils",
        "type": "github"
      }
    }
  },
  "root": "root",
  "version": 7
}
