{
  "$GITHUB_BRANCH$:OpenSprinkler/OpenSprinkler-Firmware:master$": {
    "owner": "OpenSprinkler",
    "repo": "OpenSprinkler-Firmware",
    "rev": "85e1f80ab86a848ce07eb33a9707e8917dece458",
    "sha256": "117xw0gawlbsjyb8mbgravrkf3x9xy9gpi3y6hv83v3mbiq899cs",
    "fetchSubmodules": false,
    "deepClone": false,
    "leaveDotGit": false
  },
  "$GITHUB_BRANCH$:bedrock-viz/bedrock-viz:master$fd": {
    "owner": "bedrock-viz",
    "repo": "bedrock-viz",
    "rev": "72a6f9cf90448ada29fc4cb3c228f0f6d16c7dff",
    "sha256": "0mxf4alafqf5c8y11i0jdszxzl4jimxmwy8jxkwlh869c7hpdr7f",
    "fetchSubmodules": true,
    "deepClone": true,
    "leaveDotGit": false
  },
  "$GITHUB_BRANCH$:iharosi/ps5-wake:master$": {
    "owner": "iharosi",
    "repo": "ps5-wake",
    "rev": "7699c937c834e49a87d72870e212b7999bffd8b6",
    "sha256": "1rgg4gr6ksawica44y4vkw4jhfxz4riw7qqln8x7i0vwq2j99frp",
    "fetchSubmodules": false,
    "deepClone": false,
    "leaveDotGit": false
  },
  "$GITHUB_RELEASE$:dokku/dokku$": {
    "owner": "dokku",
    "repo": "dokku",
    "rev": "v0.29.3",
    "sha256": "0yy6nbrbxd1qg86fmap74y6z6d9avlpjj0lm831s6hg9xavi3d27",
    "fetchSubmodules": false,
    "deepClone": false,
    "leaveDotGit": false
  },
  "$GITHUB_RELEASE$:influxdata/influx-cli$": {
    "owner": "influxdata",
    "repo": "influx-cli",
    "rev": "v2.6.1",
    "sha256": "1bcy0b254p98j7mfmqws3yhzhk9jcnzm85ciqhb16c3ab7ygcyln",
    "fetchSubmodules": false,
    "deepClone": false,
    "leaveDotGit": false
  }
}