{
  "$GITHUB_BRANCH$:Leathong/openscad-LSP:master$": {
    "owner": "Leathong",
    "repo": "openscad-LSP",
    "rev": "74cc08c1db4fd247bb4ab1c33aad3999be35a1ba",
    "sha256": "0bwszg1p9mj0h96br6d9schd735cz2mvrn3jjbl3qii2iyspc3kg",
    "fetchSubmodules": false,
    "deepClone": false,
    "leaveDotGit": false
  },
  "$GITHUB_BRANCH$:OpenSprinkler/OpenSprinkler-Firmware:master$": {
    "owner": "OpenSprinkler",
    "repo": "OpenSprinkler-Firmware",
    "rev": "0e1985dadf2de63e3442554367fe0ef8cba29a22",
    "sha256": "00w0rrli6x819dchsfpkh4saq8801qnrmf303w4vcbmlks22j1dc",
    "fetchSubmodules": false,
    "deepClone": false,
    "leaveDotGit": false
  },
  "$GITHUB_BRANCH$:bedrock-viz/bedrock-viz:master$fd": {
    "owner": "bedrock-viz",
    "repo": "bedrock-viz",
    "rev": "6ea2724f7695452fcf4307bbf002ca456c293849",
    "sha256": "1lrngpsk7la976wy5z6ljvf6h2hmkl3xr4ny6f70fxqcs811wph9",
    "fetchSubmodules": true,
    "deepClone": true,
    "leaveDotGit": false
  },
  "$GITHUB_BRANCH$:iharosi/ps5-wake:master$": {
    "owner": "iharosi",
    "repo": "ps5-wake",
    "rev": "1c8245dbba2d7261b9120921ae89415fa187d926",
    "sha256": "0gszk9f6jh74d4p1f3zik32gfb7j3x9l74hjap9vrfx4045sg4zk",
    "fetchSubmodules": false,
    "deepClone": false,
    "leaveDotGit": false
  },
  "$GITHUB_RELEASE$:dokku/dokku$": {
    "owner": "dokku",
    "repo": "dokku",
    "rev": "v0.30.9",
    "sha256": "0jqw65zdm1mg0ff9dixa8z5gqf93w5j6446f9cjh3bhm8wv1rk53",
    "fetchSubmodules": false,
    "deepClone": false,
    "leaveDotGit": false
  },
  "$GITHUB_RELEASE$:influxdata/influx-cli$": {
    "owner": "influxdata",
    "repo": "influx-cli",
    "rev": "v2.7.3",
    "sha256": "18prim4bn249m9jyxqx28x5y7x364403cwqd5lh1nlaycdzzn6w5",
    "fetchSubmodules": false,
    "deepClone": false,
    "leaveDotGit": false
  }
}