{
  "$GITHUB_BRANCH$:Leathong/openscad-LSP:master$": {
    "owner": "Leathong",
    "repo": "openscad-LSP",
    "rev": "74cc08c1db4fd247bb4ab1c33aad3999be35a1ba",
    "sha256": "0bwszg1p9mj0h96br6d9schd735cz2mvrn3jjbl3qii2iyspc3kg",
    "fetchSubmodules": false,
    "deepClone": false,
    "leaveDotGit": false
  },
  "$GITHUB_BRANCH$:OpenSprinkler/OpenSprinkler-Firmware:master$": {
    "owner": "OpenSprinkler",
    "repo": "OpenSprinkler-Firmware",
    "rev": "e9e04b006f82a29f2bd2317770a170402fe1bca6",
    "sha256": "0v9lkf9lp3p443zvzjyxf7fdhy8609h8xgwakmkmhhkiz8vyfzsr",
    "fetchSubmodules": false,
    "deepClone": false,
    "leaveDotGit": false
  },
  "$GITHUB_BRANCH$:bedrock-viz/bedrock-viz:master$fd": {
    "owner": "bedrock-viz",
    "repo": "bedrock-viz",
    "rev": "cd51bf9b13691ba609a00b1fe5d7010a8dcc61e8",
    "sha256": "1i06hwsik7wijv73c48bc7b98m4xlrjd2bjxkdhaklshp6cwq6bw",
    "fetchSubmodules": true,
    "deepClone": true,
    "leaveDotGit": false
  },
  "$GITHUB_BRANCH$:iharosi/ps5-wake:master$": {
    "owner": "iharosi",
    "repo": "ps5-wake",
    "rev": "7699c937c834e49a87d72870e212b7999bffd8b6",
    "sha256": "1rgg4gr6ksawica44y4vkw4jhfxz4riw7qqln8x7i0vwq2j99frp",
    "fetchSubmodules": false,
    "deepClone": false,
    "leaveDotGit": false
  },
  "$GITHUB_RELEASE$:dokku/dokku$": {
    "owner": "dokku",
    "repo": "dokku",
    "rev": "v0.30.7",
    "sha256": "06g96499kx3ka541q0mnd5l9cz33wxk9jcxkilqb1v3znba00ydz",
    "fetchSubmodules": false,
    "deepClone": false,
    "leaveDotGit": false
  },
  "$GITHUB_RELEASE$:influxdata/influx-cli$": {
    "owner": "influxdata",
    "repo": "influx-cli",
    "rev": "v2.7.3",
    "sha256": "18prim4bn249m9jyxqx28x5y7x364403cwqd5lh1nlaycdzzn6w5",
    "fetchSubmodules": false,
    "deepClone": false,
    "leaveDotGit": false
  }
}